
Microsoft Visual Studio Solution File, Format Version 12.00
# Visual Studio Version 17
VisualStudioVersion = 17.9.34714.143
MinimumVisualStudioVersion = 10.0.40219.1
Project("{9A19103F-16F7-4668-BE54-9A1E7A4F7556}") = "QueueServer", "QueueServer.csproj", "{C914F159-D8DE-47DE-8C2E-504F2726DB5F}"
EndProject
Project("{2150E333-8FDC-42A3-9474-1A3956D46DE8}") = "Share", "Share", "{2CF6B75A-8F78-480E-B83F-0BAC99F34382}"
EndProject
Project("{9A19103F-16F7-4668-BE54-9A1E7A4F7556}") = "ShareModels", "..\Share\ShareModels\ShareModels.csproj", "{0BF8F9D2-8010-4990-B124-ACC9B61958E1}"
EndProject
Project("{9A19103F-16F7-4668-BE54-9A1E7A4F7556}") = "Protocol.QueueHubAndClient", "..\Share\Protocol.QueueHubAndClient\Protocol.QueueHubAndClient.csproj", "{898833B2-2D14-4860-BFC2-8D064E64D228}"
EndProject
Global
	GlobalSection(SolutionConfigurationPlatforms) = preSolution
		Debug|Any CPU = Debug|Any CPU
		Release|Any CPU = Release|Any CPU
	EndGlobalSection
	GlobalSection(ProjectConfigurationPlatforms) = postSolution
		{C914F159-D8DE-47DE-8C2E-504F2726DB5F}.Debug|Any CPU.ActiveCfg = Debug|Any CPU
		{C914F159-D8DE-47DE-8C2E-504F2726DB5F}.Debug|Any CPU.Build.0 = Debug|Any CPU
		{C914F159-D8DE-47DE-8C2E-504F2726DB5F}.Release|Any CPU.ActiveCfg = Release|Any CPU
		{C914F159-D8DE-47DE-8C2E-504F2726DB5F}.Release|Any CPU.Build.0 = Release|Any CPU
		{0BF8F9D2-8010-4990-B124-ACC9B61958E1}.Debug|Any CPU.ActiveCfg = Debug|Any CPU
		{0BF8F9D2-8010-4990-B124-ACC9B61958E1}.Debug|Any CPU.Build.0 = Debug|Any CPU
		{0BF8F9D2-8010-4990-B124-ACC9B61958E1}.Release|Any CPU.ActiveCfg = Release|Any CPU
		{0BF8F9D2-8010-4990-B124-ACC9B61958E1}.Release|Any CPU.Build.0 = Release|Any CPU
		{898833B2-2D14-4860-BFC2-8D064E64D228}.Debug|Any CPU.ActiveCfg = Debug|Any CPU
		{898833B2-2D14-4860-BFC2-8D064E64D228}.Debug|Any CPU.Build.0 = Debug|Any CPU
		{898833B2-2D14-4860-BFC2-8D064E64D228}.Release|Any CPU.ActiveCfg = Release|Any CPU
		{898833B2-2D14-4860-BFC2-8D064E64D228}.Release|Any CPU.Build.0 = Release|Any CPU
	EndGlobalSection
	GlobalSection(SolutionProperties) = preSolution
		HideSolutionNode = FALSE
	EndGlobalSection
	GlobalSection(NestedProjects) = preSolution
		{0BF8F9D2-8010-4990-B124-ACC9B61958E1} = {2CF6B75A-8F78-480E-B83F-0BAC99F34382}
		{898833B2-2D14-4860-BFC2-8D064E64D228} = {2CF6B75A-8F78-480E-B83F-0BAC99F34382}
	EndGlobalSection
	GlobalSection(ExtensibilityGlobals) = postSolution
		SolutionGuid = {7F4E44F2-B6F7-4522-B30A-8638D53D0E49}
	EndGlobalSection
EndGlobal
